
Microsoft Visual Studio Solution File, Format Version 12.00
# Visual Studio Version 17
VisualStudioVersion = 17.12.35707.178
MinimumVisualStudioVersion = 10.0.40219.1
Project("{FAE04EC0-301F-11D3-BF4B-00C04F79EFBC}") = "ironlocal", "ironlocal.csproj", "{94EF0344-D772-4AD9-9ECF-F6F3EECFC0A9}"
EndProject
Project("{FAE04EC0-301F-11D3-BF4B-00C04F79EFBC}") = "IronBloodSiege", "IronBloodSiege.csproj", "{A2D1D8E5-7C5C-4423-AB09-23C3A5D4F56F}"
EndProject
Global
	GlobalSection(SolutionConfigurationPlatforms) = preSolution
		Debug|Any CPU = Debug|Any CPU
		Debug|x64 = Debug|x64
		Release|Any CPU = Release|Any CPU
		Release|x64 = Release|x64
	EndGlobalSection
	GlobalSection(ProjectConfigurationPlatforms) = postSolution
		{94EF0344-D772-4AD9-9ECF-F6F3EECFC0A9}.Debug|Any CPU.ActiveCfg = Debug|x64
		{94EF0344-D772-4AD9-9ECF-F6F3EECFC0A9}.Debug|Any CPU.Build.0 = Debug|x64
		{94EF0344-D772-4AD9-9ECF-F6F3EECFC0A9}.Debug|x64.ActiveCfg = Debug|x64
		{94EF0344-D772-4AD9-9ECF-F6F3EECFC0A9}.Debug|x64.Build.0 = Debug|x64
		{94EF0344-D772-4AD9-9ECF-F6F3EECFC0A9}.Release|Any CPU.ActiveCfg = Release|x64
		{94EF0344-D772-4AD9-9ECF-F6F3EECFC0A9}.Release|Any CPU.Build.0 = Release|x64
		{94EF0344-D772-4AD9-9ECF-F6F3EECFC0A9}.Release|x64.ActiveCfg = Release|x64
		{94EF0344-D772-4AD9-9ECF-F6F3EECFC0A9}.Release|x64.Build.0 = Release|x64
		{A2D1D8E5-7C5C-4423-AB09-23C3A5D4F56F}.Debug|Any CPU.ActiveCfg = Debug|Any CPU
		{A2D1D8E5-7C5C-4423-AB09-23C3A5D4F56F}.Debug|Any CPU.Build.0 = Debug|Any CPU
		{A2D1D8E5-7C5C-4423-AB09-23C3A5D4F56F}.Debug|x64.ActiveCfg = Debug|Any CPU
		{A2D1D8E5-7C5C-4423-AB09-23C3A5D4F56F}.Debug|x64.Build.0 = Debug|Any CPU
		{A2D1D8E5-7C5C-4423-AB09-23C3A5D4F56F}.Release|Any CPU.ActiveCfg = Release|Any CPU
		{A2D1D8E5-7C5C-4423-AB09-23C3A5D4F56F}.Release|Any CPU.Build.0 = Release|Any CPU
		{A2D1D8E5-7C5C-4423-AB09-23C3A5D4F56F}.Release|x64.ActiveCfg = Release|Any CPU
		{A2D1D8E5-7C5C-4423-AB09-23C3A5D4F56F}.Release|x64.Build.0 = Release|Any CPU
	EndGlobalSection
	GlobalSection(SolutionProperties) = preSolution
		HideSolutionNode = FALSE
	EndGlobalSection
	GlobalSection(ExtensibilityGlobals) = postSolution
		SolutionGuid = {5B196F91-2E8B-4AA3-B2F3-7A9A4B9F99CF}
	EndGlobalSection
EndGlobal
